github.com/astrolib/govalidator v0.0.0-20180720115003-f9ffefc3facf h1:IsmKaMVsuXoxA4ztr+LgrYEFrY4xGVh/Gb16kJR+Po8=
github.com/astrolib/govalidator v0.0.0-20180720115003-f9ffefc3facf/go.mod h1:RurkbzHGs9Jvov6XG+tlAsM9CIoRH/S/ZSAbWjN2alk=
github.com/aws/aws-sdk-go v1.16.8 h1:zVTnpnMXhoSr3HcCqe01Y1jM8WMy6r2oWbLeqj6C+5o=
github.com/aws/aws-sdk-go v1.16.8/go.mod h1:KmX6BPdI08NWTb3/sm4ZGu5ShLoqVDhKgpiN924inxo=
github.com/bloom42/common v0.1.4 h1:1AkApKZmCzrIg0p+8PMY5+q/X+8KuHP0P0yz+C0h6Xw=
github.com/bloom42/common v0.1.4/go.mod h1:30/aK9PljAOMgWlVOI9d05Uvdv7wcjkY73WCzkW0aPM=
github.com/bloom42/denv-go v1.0.0 h1:3RXdzOFlh9eItnNM9ODHbKAwqzQRF3ZgP0isX4c84GA=
github.com/bloom42/denv-go v1.0.0/go.mod h1:vz9dTfLbFQskTb1iscEX4rRtP3inw1dEHrXev8ub0Pw=
github.com/bloom42/dotenv-go v1.4.0 h1:ciNx48M4chCdHlYdnYpb0moRZvvb9/PNxI/EQhSIg8I=
github.com/bloom42/dotenv-go v1.4.0/go.mod h1:nj5BaGpyshXEum3JevtaQcQywWEhXECWDl3yw7/x5A4=
github.com/bloom42/rz-go/v2 v2.4.1 h1:2yQzlHFNw496sn31Yp+pDm6EuiNUXvsGubsha1HPjSc=
github.com/bloom42/rz-go/v2 v2.4.1/go.mod h1:6+Jf0CiW6O0p6s3x5hmH6ruFlXj8XCPLftwzjY9S2v0=
github.com/bloom42/sane-go v0.6.1 h1:OjrZQV1BjoHAa+IHuzBwvQAsFLUyMdKFL55KgU14ptI=
github.com/bloom42/sane-go v0.6.1/go.mod h1:xKbKQgmvEcERtOHiXvu63BjmcmNfYeU1OuGxJbKDrh0=
github.com/certifi/gocertifi v0.0.0-20180905225744-ee1a9a0726d2 h1:MmeatFT1pTPSVb4nkPmBFN/LRZ97vPjsFKsZrU3KKTs=
github.com/certifi/gocertifi v0.0.0-20180905225744-ee1a9a0726d2/go.mod h1:GJKEexRPVJrBSOjoqN5VNOIKJ5Q3RViH6eu3puDRwx4=
github.com/davecgh/go-spew v1.1.0 h1:ZDRjVQ15GmhC3fiQ8ni8+OwkZQO4DARzQgrnXU1Liz8=
github.com/davecgh/go-spew v1.1.0/go.mod h1:J7Y8YcW2NihsgmVo/mv3lAwl/skON4iLHjSsI+c5H38=
github.com/getsentry/raven-go v0.2.0 h1:no+xWJRb5ZI7eE8TWgIq1jLulQiIoLG0IfYxv5JYMGs=
github.com/getsentry/raven-go v0.2.0/go.mod h1:KungGk8q33+aIAZUIVWZDr2OfAEBsO49PX4NzFV5kcQ=
github.com/inconshreveable/mousetrap v1.0.0 h1:Z8tu5sraLXCXIcARxBp/8cbvlwVa7Z1NHg9XEKhtSvM=
github.com/inconshreveable/mousetrap v1.0.0/go.mod h1:PxqpIevigyE2G7u3NXJIT2ANytuPF1OarO4DADm73n8=
github.com/jmespath/go-jmespath v0.0.0-20180206201540-c2b33e8439af h1:pmfjZENx5imkbgOkpRUYLnmbU7UEFbjtDA2hxJ1ichM=
github.com/jmespath/go-jmespath v0.0.0-20180206201540-c2b33e8439af/go.mod h1:Nht3zPeWKUH0NzdCt2Blrr5ys8VGpn0CEB0cQHVjt7k=
github.com/pkg/errors v0.8.0 h1:WdK/asTD0HN+q6hsWO3/vpuAkAr+tw6aNJNDFFf0+qw=
github.com/pkg/errors v0.8.0/go.mod h1:bwawxfHBFNV+L2hUp1rHADufV3IMtnDRdf1r5NINEl0=
github.com/pmezard/go-difflib v1.0.0 h1:4DBwDE0NGyQoBHbLQYPwSUPoCMWR5BEzIk/f1lZbAQM=
github.com/pmezard/go-difflib v1.0.0/go.mod h1:iKH77koFhYxTK1pcRnkKkqfTogsbg7gZNVY4sRDYZ/4=
github.com/spf13/cobra v0.0.3 h1:ZlrZ4XsMRm04Fr5pSFxBgfND2EBVa1nLpiy1stUsX/8=
github.com/spf13/cobra v0.0.3/go.mod h1:1l0Ry5zgKvJasoi3XT1TypsSe7PqH0Sj9dhYf7v3XqQ=
github.com/spf13/pflag v1.0.3 h1:zPAT6CGy6wXeQ7NtTnaTerfKOsV6V6F8agHXFiazDkg=
github.com/spf13/pflag v1.0.3/go.mod h1:DYY7MBk1bdzusC3SYhjObp+wFpr4gzcvqqNjLnInEg4=
github.com/stretchr/objx v0.1.0/go.mod h1:HFkY916IF+rwdDfMAkV7OtwuqBVzrE8GR6GFx+wExME=
github.com/stretchr/testify v1.3.0 h1:TivCn/peBQ7UY8ooIcPgZFpTNSz0Q2U6UrFlUfqbe0Q=
github.com/stretchr/testify v1.3.0/go.mod h1:M5WIy9Dh21IEIfnGCwXGc5bZfKNJtfHm1UVUgZn+9EI=
golang.org/x/net v0.0.0-20190119204137-ed066c81e75e h1:MDa3fSUp6MdYHouVmCCNz/zaH2a6CRcxY3VhT/K3C5Q=
golang.org/x/net v0.0.0-20190119204137-ed066c81e75e/go.mod h1:mL1N/T3taQHkDXs73rZJwtUhF3w3ftmwwsq0BUmARs4=
golang.org/x/text v0.3.0 h1:g61tztE5qeGQ89tm6NTjjM9VPIm088od1l6aSorWRWg=
golang.org/x/text v0.3.0/go.mod h1:NqM8EUOU14njkJ3fqMW+pc6Ldnwhi/IjpwHt7yyuwOQ=
