github.com/astrolib/go-nmap v0.0.0-20181105160706-3b9bafddefee h1:8dlzmIAEDyg+ExE6ge+9+xR4MQESBP0ui3ZgMpkEpIU=
github.com/astrolib/go-nmap v0.0.0-20181105160706-3b9bafddefee/go.mod h1:63KH7A22mwEts2FEw3GsSO93igfh9QwD9q773/wxqjE=
github.com/astrolib/godotenv v1.3.0 h1:eZs2O6EObwnbRo9wWfsevxPHSe/CiUFSqvPM96VZxAQ=
github.com/astrolib/godotenv v1.3.0/go.mod h1:RGAjaSPbBD9pzUvzplUV5OW4SSfJgsXEDzBE0gi4+oA=
github.com/astrolib/govalidator v0.0.0-20180720115003-f9ffefc3facf h1:IsmKaMVsuXoxA4ztr+LgrYEFrY4xGVh/Gb16kJR+Po8=
github.com/astrolib/govalidator v0.0.0-20180720115003-f9ffefc3facf/go.mod h1:RurkbzHGs9Jvov6XG+tlAsM9CIoRH/S/ZSAbWjN2alk=
github.com/aws/aws-sdk-go v1.16.2/go.mod h1:KmX6BPdI08NWTb3/sm4ZGu5ShLoqVDhKgpiN924inxo=
github.com/aws/aws-sdk-go v1.16.8 h1:zVTnpnMXhoSr3HcCqe01Y1jM8WMy6r2oWbLeqj6C+5o=
github.com/aws/aws-sdk-go v1.16.8/go.mod h1:KmX6BPdI08NWTb3/sm4ZGu5ShLoqVDhKgpiN924inxo=
github.com/bloom42/astro-go v0.11.2 h1:qt3HUbfSnURtCgEc4bkzXic0o6ADM1lbV4oNO+bFmNE=
github.com/bloom42/astro-go v0.11.2/go.mod h1:j6wCDMzQEgLLifSjoMoFQvd06r/TcCF2itBy1nxwVqo=
github.com/bloom42/astro-go v0.12.3/go.mod h1:j6wCDMzQEgLLifSjoMoFQvd06r/TcCF2itBy1nxwVqo=
github.com/bloom42/astro-go v0.12.7 h1:RrKXtKG1oyP5G7mayhv9WeFx7RGGZnkyztF2o3wSslg=
github.com/bloom42/astro-go v0.12.7/go.mod h1:fbH8rKXtvdLwZNE/Y6nkivYpj4ypqpvp1AN88XnlcxU=
github.com/bloom42/astro-go/examples/simple v0.0.0-20190122205458-34fcaa70f04a/go.mod h1:ETy/S0uiHLt60YP2+rJz5x7ZXDuIDC+7a/Vnyxwgs38=
github.com/bloom42/astro-go/examples/simple v0.0.0-20190122213441-e48bf210adb9/go.mod h1:0wZb9oy5vxs0JskkX+Vm6iB2Uo+WEiOGz967QUwkMs4=
github.com/bloom42/common v0.1.4 h1:1AkApKZmCzrIg0p+8PMY5+q/X+8KuHP0P0yz+C0h6Xw=
github.com/bloom42/common v0.1.4/go.mod h1:30/aK9PljAOMgWlVOI9d05Uvdv7wcjkY73WCzkW0aPM=
github.com/bloom42/denv-go v1.0.0 h1:3RXdzOFlh9eItnNM9ODHbKAwqzQRF3ZgP0isX4c84GA=
github.com/bloom42/denv-go v1.0.0/go.mod h1:vz9dTfLbFQskTb1iscEX4rRtP3inw1dEHrXev8ub0Pw=
github.com/bloom42/phaser v0.1.2 h1:Ph6/T5JZmLGwix7+74TeoBMdwjEDvKBuVc3OAdcQqNg=
github.com/bloom42/phaser v0.1.2 h1:yBqB6dCqk3xd3BtX0ABtza/sJ6tKlp94gAqZHfcjf6E=
github.com/bloom42/sane-go v0.6.1 h1:OjrZQV1BjoHAa+IHuzBwvQAsFLUyMdKFL55KgU14ptI=
github.com/bloom42/sane-go v0.6.1/go.mod h1:xKbKQgmvEcERtOHiXvu63BjmcmNfYeU1OuGxJbKDrh0=
github.com/certifi/gocertifi v0.0.0-20180905225744-ee1a9a0726d2 h1:MmeatFT1pTPSVb4nkPmBFN/LRZ97vPjsFKsZrU3KKTs=
github.com/certifi/gocertifi v0.0.0-20180905225744-ee1a9a0726d2/go.mod h1:GJKEexRPVJrBSOjoqN5VNOIKJ5Q3RViH6eu3puDRwx4=
github.com/getsentry/raven-go v0.2.0 h1:no+xWJRb5ZI7eE8TWgIq1jLulQiIoLG0IfYxv5JYMGs=
github.com/getsentry/raven-go v0.2.0/go.mod h1:KungGk8q33+aIAZUIVWZDr2OfAEBsO49PX4NzFV5kcQ=
github.com/jmespath/go-jmespath v0.0.0-20180206201540-c2b33e8439af h1:pmfjZENx5imkbgOkpRUYLnmbU7UEFbjtDA2hxJ1ichM=
github.com/jmespath/go-jmespath v0.0.0-20180206201540-c2b33e8439af/go.mod h1:Nht3zPeWKUH0NzdCt2Blrr5ys8VGpn0CEB0cQHVjt7k=
github.com/json-iterator/go v1.1.5 h1:gL2yXlmiIo4+t+y32d4WGwOjKGYcGOuyrg46vadswDE=
github.com/json-iterator/go v1.1.5/go.mod h1:+SdeFBvtyEkXs7REEP0seUULqWtbJapLOCVDaaPEHmU=
github.com/modern-go/concurrent v0.0.0-20180306012644-bacd9c7ef1dd h1:TRLaZ9cD/w8PVh93nsPXa1VrQ6jlwL5oN8l14QlcNfg=
github.com/modern-go/concurrent v0.0.0-20180306012644-bacd9c7ef1dd/go.mod h1:6dJC0mAP4ikYIbvyc7fijjWJddQyLn8Ig3JB5CqoB9Q=
github.com/modern-go/reflect2 v1.0.1 h1:9f412s+6RmYXLWZSEzVVgPGK7C2PphHj5RJrvfx9AWI=
github.com/modern-go/reflect2 v1.0.1/go.mod h1:bx2lNnkwVCuqBIxFjflWJWanXIb3RllmbCylyMrvgv0=
github.com/pkg/errors v0.8.0 h1:WdK/asTD0HN+q6hsWO3/vpuAkAr+tw6aNJNDFFf0+qw=
github.com/pkg/errors v0.8.0/go.mod h1:bwawxfHBFNV+L2hUp1rHADufV3IMtnDRdf1r5NINEl0=
github.com/spf13/cobra v0.0.3 h1:ZlrZ4XsMRm04Fr5pSFxBgfND2EBVa1nLpiy1stUsX/8=
github.com/spf13/cobra v0.0.3/go.mod h1:1l0Ry5zgKvJasoi3XT1TypsSe7PqH0Sj9dhYf7v3XqQ=
github.com/spf13/pflag v1.0.3 h1:zPAT6CGy6wXeQ7NtTnaTerfKOsV6V6F8agHXFiazDkg=
github.com/spf13/pflag v1.0.3/go.mod h1:DYY7MBk1bdzusC3SYhjObp+wFpr4gzcvqqNjLnInEg4=
